// !$*UTF8*$!
{
	archiveVersion = 1;
	classes = {
	};
	objectVersion = 52;
	objects = {

/* Begin PBXBuildFile section */
		0A0DE125264903F6001585E8 /* GoogleService-Info.plist in Resources */ = {isa = PBXBuildFile; fileRef = 0A0DE124264903F6001585E8 /* GoogleService-Info.plist */; };
		0A0DE128264904A0001585E8 /* FirebaseAuth in Frameworks */ = {isa = PBXBuildFile; productRef = 0A0DE127264904A0001585E8 /* FirebaseAuth */; };
		0A0DE12A264904A0001585E8 /* FirebaseFirestore in Frameworks */ = {isa = PBXBuildFile; productRef = 0A0DE129264904A0001585E8 /* FirebaseFirestore */; };
		0A0DE12C264904A0001585E8 /* FirebaseFirestoreSwift-Beta in Frameworks */ = {isa = PBXBuildFile; productRef = 0A0DE12B264904A0001585E8 /* FirebaseFirestoreSwift-Beta */; };
		0A3E23D52644B42400B47FAB /* AppMain.swift in Sources */ = {isa = PBXBuildFile; fileRef = 0A3E23D42644B42400B47FAB /* AppMain.swift */; };
		0A6D32BA2646E14E006CD172 /* SignInView.swift in Sources */ = {isa = PBXBuildFile; fileRef = 0A6D32B92646E14E006CD172 /* SignInView.swift */; };
		0AA59BB226472D3A00CE7601 /* UserView.swift in Sources */ = {isa = PBXBuildFile; fileRef = 0AA59BB126472D3A00CE7601 /* UserView.swift */; };
		0AF3C75A264877460060EF38 /* UserStatusView.swift in Sources */ = {isa = PBXBuildFile; fileRef = 0AF3C759264877460060EF38 /* UserStatusView.swift */; };
		18D775C722AD944400AE281E /* Assets.xcassets in Resources */ = {isa = PBXBuildFile; fileRef = 18D775C622AD944400AE281E /* Assets.xcassets */; };
		18D775CA22AD944400AE281E /* Preview Assets.xcassets in Resources */ = {isa = PBXBuildFile; fileRef = 18D775C922AD944400AE281E /* Preview Assets.xcassets */; };
		18D775D822AD963800AE281E /* LaunchScreen.storyboard in Resources */ = {isa = PBXBuildFile; fileRef = 18D775DA22AD963800AE281E /* LaunchScreen.storyboard */; };
		782941DC24FCCA8C00119C01 /* CardRepository.swift in Sources */ = {isa = PBXBuildFile; fileRef = 782941DB24FCCA8C00119C01 /* CardRepository.swift */; };
		782941E724FCCDF500119C01 /* CardListView.Model.swift in Sources */ = {isa = PBXBuildFile; fileRef = 782941E624FCCDF500119C01 /* CardListView.Model.swift */; };
		782941E924FCD0CA00119C01 /* CardView.Model.swift in Sources */ = {isa = PBXBuildFile; fileRef = 782941E824FCD0CA00119C01 /* CardView.Model.swift */; };
		782941EB24FD028B00119C01 /* AuthenticationService.swift in Sources */ = {isa = PBXBuildFile; fileRef = 782941EA24FD028B00119C01 /* AuthenticationService.swift */; };
		EE9B4CC124A236A200CEA474 /* CardView.swift in Sources */ = {isa = PBXBuildFile; fileRef = EE9B4CC024A236A200CEA474 /* CardView.swift */; };
		EE9B4CC324A2884200CEA474 /* NewCardForm.swift in Sources */ = {isa = PBXBuildFile; fileRef = EE9B4CC224A2884200CEA474 /* NewCardForm.swift */; };
		EE9B4CC524A2899700CEA474 /* CardListView.swift in Sources */ = {isa = PBXBuildFile; fileRef = EE9B4CC424A2899700CEA474 /* CardListView.swift */; };
		EE9B4CCA24A2C4BB00CEA474 /* Card.swift in Sources */ = {isa = PBXBuildFile; fileRef = EE9B4CC924A2C4BB00CEA474 /* Card.swift */; };
/* End PBXBuildFile section */

/* Begin PBXFileReference section */
		0A0DE124264903F6001585E8 /* GoogleService-Info.plist */ = {isa = PBXFileReference; fileEncoding = 4; lastKnownFileType = text.plist.xml; path = "GoogleService-Info.plist"; sourceTree = "<group>"; };
		0A3E23D42644B42400B47FAB /* AppMain.swift */ = {isa = PBXFileReference; lastKnownFileType = sourcecode.swift; path = AppMain.swift; sourceTree = "<group>"; };
		0A6D32B92646E14E006CD172 /* SignInView.swift */ = {isa = PBXFileReference; lastKnownFileType = sourcecode.swift; path = SignInView.swift; sourceTree = "<group>"; };
		0AA59BB126472D3A00CE7601 /* UserView.swift */ = {isa = PBXFileReference; lastKnownFileType = sourcecode.swift; path = UserView.swift; sourceTree = "<group>"; };
		0AF3C759264877460060EF38 /* UserStatusView.swift */ = {isa = PBXFileReference; lastKnownFileType = sourcecode.swift; path = UserStatusView.swift; sourceTree = "<group>"; };
		18D775BD22AD944300AE281E /* CloudCards.app */ = {isa = PBXFileReference; explicitFileType = wrapper.application; includeInIndex = 0; path = CloudCards.app; sourceTree = BUILT_PRODUCTS_DIR; };
		18D775C622AD944400AE281E /* Assets.xcassets */ = {isa = PBXFileReference; lastKnownFileType = folder.assetcatalog; path = Assets.xcassets; sourceTree = "<group>"; };
		18D775C922AD944400AE281E /* Preview Assets.xcassets */ = {isa = PBXFileReference; lastKnownFileType = folder.assetcatalog; path = "Preview Assets.xcassets"; sourceTree = "<group>"; };
		18D775CE22AD944400AE281E /* Info.plist */ = {isa = PBXFileReference; lastKnownFileType = text.plist.xml; path = Info.plist; sourceTree = "<group>"; };
		18D775DE22AD96B400AE281E /* Base */ = {isa = PBXFileReference; lastKnownFileType = file.storyboard; name = Base; path = Base.lproj/LaunchScreen.storyboard; sourceTree = "<group>"; };
		782941DB24FCCA8C00119C01 /* CardRepository.swift */ = {isa = PBXFileReference; lastKnownFileType = sourcecode.swift; path = CardRepository.swift; sourceTree = "<group>"; };
		782941E624FCCDF500119C01 /* CardListView.Model.swift */ = {isa = PBXFileReference; lastKnownFileType = sourcecode.swift; path = CardListView.Model.swift; sourceTree = "<group>"; };
		782941E824FCD0CA00119C01 /* CardView.Model.swift */ = {isa = PBXFileReference; lastKnownFileType = sourcecode.swift; path = CardView.Model.swift; sourceTree = "<group>"; };
		782941EA24FD028B00119C01 /* AuthenticationService.swift */ = {isa = PBXFileReference; lastKnownFileType = sourcecode.swift; path = AuthenticationService.swift; sourceTree = "<group>"; };
		EE9B4CC024A236A200CEA474 /* CardView.swift */ = {isa = PBXFileReference; lastKnownFileType = sourcecode.swift; path = CardView.swift; sourceTree = "<group>"; };
		EE9B4CC224A2884200CEA474 /* NewCardForm.swift */ = {isa = PBXFileReference; lastKnownFileType = sourcecode.swift; path = NewCardForm.swift; sourceTree = "<group>"; };
		EE9B4CC424A2899700CEA474 /* CardListView.swift */ = {isa = PBXFileReference; lastKnownFileType = sourcecode.swift; path = CardListView.swift; sourceTree = "<group>"; };
		EE9B4CC924A2C4BB00CEA474 /* Card.swift */ = {isa = PBXFileReference; lastKnownFileType = sourcecode.swift; path = Card.swift; sourceTree = "<group>"; };
/* End PBXFileReference section */

/* Begin PBXFrameworksBuildPhase section */
		18D775BA22AD944300AE281E /* Frameworks */ = {
			isa = PBXFrameworksBuildPhase;
			buildActionMask = 2147483647;
			files = (
				0A0DE12C264904A0001585E8 /* FirebaseFirestoreSwift-Beta in Frameworks */,
				0A0DE128264904A0001585E8 /* FirebaseAuth in Frameworks */,
				0A0DE12A264904A0001585E8 /* FirebaseFirestore in Frameworks */,
			);
			runOnlyForDeploymentPostprocessing = 0;
		};
/* End PBXFrameworksBuildPhase section */

/* Begin PBXGroup section */
		0AF3C758264867D90060EF38 /* User */ = {
			isa = PBXGroup;
			children = (
				0A6D32B92646E14E006CD172 /* SignInView.swift */,
				0AF3C759264877460060EF38 /* UserStatusView.swift */,
				0AA59BB126472D3A00CE7601 /* UserView.swift */,
			);
			path = User;
			sourceTree = "<group>";
		};
		18D775B422AD944300AE281E = {
			isa = PBXGroup;
			children = (
				18D775BF22AD944300AE281E /* CloudCards */,
				18D775BE22AD944300AE281E /* Products */,
			);
			indentWidth = 2;
			sourceTree = "<group>";
			tabWidth = 2;
		};
		18D775BE22AD944300AE281E /* Products */ = {
			isa = PBXGroup;
			children = (
				18D775BD22AD944300AE281E /* CloudCards.app */,
			);
			name = Products;
			sourceTree = "<group>";
		};
		18D775BF22AD944300AE281E /* CloudCards */ = {
			isa = PBXGroup;
			children = (
				0A3E23D42644B42400B47FAB /* AppMain.swift */,
				EEA645CE24C26AFB00BB35F5 /* Services */,
				EEB567BA24BA3213004AC4B3 /* Repositories */,
				EE9B4CC824A2C3E300CEA474 /* Models */,
				EE9B4CD424A3A65900CEA474 /* Views */,
				18D775C622AD944400AE281E /* Assets.xcassets */,
				0A0DE124264903F6001585E8 /* GoogleService-Info.plist */,
				18D775DA22AD963800AE281E /* LaunchScreen.storyboard */,
				18D775CE22AD944400AE281E /* Info.plist */,
				18D775C822AD944400AE281E /* Preview Content */,
			);
			path = CloudCards;
			sourceTree = "<group>";
		};
		18D775C822AD944400AE281E /* Preview Content */ = {
			isa = PBXGroup;
			children = (
				18D775C922AD944400AE281E /* Preview Assets.xcassets */,
			);
			path = "Preview Content";
			sourceTree = "<group>";
		};
		EE9B4CBD24A1F47B00CEA474 /* Card */ = {
			isa = PBXGroup;
			children = (
				EEB567B924BA3209004AC4B3 /* ViewModels */,
				EE9B4CC024A236A200CEA474 /* CardView.swift */,
				EE9B4CC224A2884200CEA474 /* NewCardForm.swift */,
				EE9B4CC424A2899700CEA474 /* CardListView.swift */,
			);
			path = Card;
			sourceTree = "<group>";
		};
		EE9B4CC824A2C3E300CEA474 /* Models */ = {
			isa = PBXGroup;
			children = (
				EE9B4CC924A2C4BB00CEA474 /* Card.swift */,
			);
			path = Models;
			sourceTree = "<group>";
		};
		EE9B4CD424A3A65900CEA474 /* Views */ = {
			isa = PBXGroup;
			children = (
				EE9B4CBD24A1F47B00CEA474 /* Card */,
				0AF3C758264867D90060EF38 /* User */,
			);
			path = Views;
			sourceTree = "<group>";
		};
		EEA645CE24C26AFB00BB35F5 /* Services */ = {
			isa = PBXGroup;
			children = (
				782941EA24FD028B00119C01 /* AuthenticationService.swift */,
			);
			path = Services;
			sourceTree = "<group>";
		};
		EEB567B924BA3209004AC4B3 /* ViewModels */ = {
			isa = PBXGroup;
			children = (
				782941E624FCCDF500119C01 /* CardListView.Model.swift */,
				782941E824FCD0CA00119C01 /* CardView.Model.swift */,
			);
			path = ViewModels;
			sourceTree = "<group>";
		};
		EEB567BA24BA3213004AC4B3 /* Repositories */ = {
			isa = PBXGroup;
			children = (
				782941DB24FCCA8C00119C01 /* CardRepository.swift */,
			);
			path = Repositories;
			sourceTree = "<group>";
		};
/* End PBXGroup section */

/* Begin PBXNativeTarget section */
		18D775BC22AD944300AE281E /* CloudCards */ = {
			isa = PBXNativeTarget;
			buildConfigurationList = 18D775D122AD944400AE281E /* Build configuration list for PBXNativeTarget "CloudCards" */;
			buildPhases = (
				181FE31D248EA6C900A180EA /* SwiftLint */,
				18D775B922AD944300AE281E /* Sources */,
				18D775BA22AD944300AE281E /* Frameworks */,
				18D775BB22AD944300AE281E /* Resources */,
			);
			buildRules = (
			);
			dependencies = (
			);
			name = CloudCards;
			packageProductDependencies = (
				0A0DE127264904A0001585E8 /* FirebaseAuth */,
				0A0DE129264904A0001585E8 /* FirebaseFirestore */,
				0A0DE12B264904A0001585E8 /* FirebaseFirestoreSwift-Beta */,
			);
			productName = MyRWTutorial;
			productReference = 18D775BD22AD944300AE281E /* CloudCards.app */;
			productType = "com.apple.product-type.application";
		};
/* End PBXNativeTarget section */

/* Begin PBXProject section */
		18D775B522AD944300AE281E /* Project object */ = {
			isa = PBXProject;
			attributes = {
				LastSwiftUpdateCheck = 1100;
				LastUpgradeCheck = 1220;
				ORGANIZATIONNAME = "Ray Wenderlich";
				TargetAttributes = {
					18D775BC22AD944300AE281E = {
						CreatedOnToolsVersion = 11.0;
					};
				};
			};
			buildConfigurationList = 18D775B822AD944300AE281E /* Build configuration list for PBXProject "CloudCards" */;
			compatibilityVersion = "Xcode 11.0";
			developmentRegion = en;
			hasScannedForEncodings = 0;
			knownRegions = (
				en,
				Base,
			);
			mainGroup = 18D775B422AD944300AE281E;
			packageReferences = (
				0A0DE126264904A0001585E8 /* XCRemoteSwiftPackageReference "firebase-ios-sdk" */,
			);
			productRefGroup = 18D775BE22AD944300AE281E /* Products */;
			projectDirPath = "";
			projectRoot = "";
			targets = (
				18D775BC22AD944300AE281E /* CloudCards */,
			);
		};
/* End PBXProject section */

/* Begin PBXResourcesBuildPhase section */
		18D775BB22AD944300AE281E /* Resources */ = {
			isa = PBXResourcesBuildPhase;
			buildActionMask = 2147483647;
			files = (
				18D775D822AD963800AE281E /* LaunchScreen.storyboard in Resources */,
				0A0DE125264903F6001585E8 /* GoogleService-Info.plist in Resources */,
				18D775CA22AD944400AE281E /* Preview Assets.xcassets in Resources */,
				18D775C722AD944400AE281E /* Assets.xcassets in Resources */,
			);
			runOnlyForDeploymentPostprocessing = 0;
		};
/* End PBXResourcesBuildPhase section */

/* Begin PBXShellScriptBuildPhase section */
		181FE31D248EA6C900A180EA /* SwiftLint */ = {
			isa = PBXShellScriptBuildPhase;
			buildActionMask = 2147483647;
			files = (
			);
			inputFileListPaths = (
			);
			inputPaths = (
			);
			name = SwiftLint;
			outputFileListPaths = (
			);
			outputPaths = (
			);
			runOnlyForDeploymentPostprocessing = 0;
			shellPath = /bin/sh;
			shellScript = "if [ -f ~/com.raywenderlich.swiftlint.yml ]; then\n  if which swiftlint >/dev/null; then\n    swiftlint --no-cache --config ~/com.raywenderlich.swiftlint.yml\n  fi\nfi\n";
		};
/* End PBXShellScriptBuildPhase section */

/* Begin PBXSourcesBuildPhase section */
		18D775B922AD944300AE281E /* Sources */ = {
			isa = PBXSourcesBuildPhase;
			buildActionMask = 2147483647;
			files = (
				0AA59BB226472D3A00CE7601 /* UserView.swift in Sources */,
				782941E724FCCDF500119C01 /* CardListView.Model.swift in Sources */,
				782941DC24FCCA8C00119C01 /* CardRepository.swift in Sources */,
				EE9B4CC524A2899700CEA474 /* CardListView.swift in Sources */,
				782941EB24FD028B00119C01 /* AuthenticationService.swift in Sources */,
				0A6D32BA2646E14E006CD172 /* SignInView.swift in Sources */,
				0A3E23D52644B42400B47FAB /* AppMain.swift in Sources */,
				782941E924FCD0CA00119C01 /* CardView.Model.swift in Sources */,
				0AF3C75A264877460060EF38 /* UserStatusView.swift in Sources */,
				EE9B4CCA24A2C4BB00CEA474 /* Card.swift in Sources */,
				EE9B4CC124A236A200CEA474 /* CardView.swift in Sources */,
				EE9B4CC324A2884200CEA474 /* NewCardForm.swift in Sources */,
			);
			runOnlyForDeploymentPostprocessing = 0;
		};
/* End PBXSourcesBuildPhase section */

/* Begin PBXVariantGroup section */
		18D775DA22AD963800AE281E /* LaunchScreen.storyboard */ = {
			isa = PBXVariantGroup;
			children = (
				18D775DE22AD96B400AE281E /* Base */,
			);
			name = LaunchScreen.storyboard;
			sourceTree = "<group>";
		};
/* End PBXVariantGroup section */

/* Begin XCBuildConfiguration section */
		18D775CF22AD944400AE281E /* Debug */ = {
			isa = XCBuildConfiguration;
			buildSettings = {
				ALWAYS_SEARCH_USER_PATHS = NO;
				ASSETCATALOG_COMPILER_GLOBAL_ACCENT_COLOR_NAME = "accent-color";
				CLANG_ANALYZER_NONNULL = YES;
				CLANG_ANALYZER_NUMBER_OBJECT_CONVERSION = YES_AGGRESSIVE;
				CLANG_CXX_LANGUAGE_STANDARD = "gnu++14";
				CLANG_CXX_LIBRARY = "libc++";
				CLANG_ENABLE_MODULES = YES;
				CLANG_ENABLE_OBJC_ARC = YES;
				CLANG_ENABLE_OBJC_WEAK = YES;
				CLANG_WARN_BLOCK_CAPTURE_AUTORELEASING = YES;
				CLANG_WARN_BOOL_CONVERSION = YES;
				CLANG_WARN_COMMA = YES;
				CLANG_WARN_CONSTANT_CONVERSION = YES;
				CLANG_WARN_DEPRECATED_OBJC_IMPLEMENTATIONS = YES;
				CLANG_WARN_DIRECT_OBJC_ISA_USAGE = YES_ERROR;
				CLANG_WARN_DOCUMENTATION_COMMENTS = YES;
				CLANG_WARN_EMPTY_BODY = YES;
				CLANG_WARN_ENUM_CONVERSION = YES;
				CLANG_WARN_INFINITE_RECURSION = YES;
				CLANG_WARN_INT_CONVERSION = YES;
				CLANG_WARN_NON_LITERAL_NULL_CONVERSION = YES;
				CLANG_WARN_OBJC_IMPLICIT_RETAIN_SELF = YES;
				CLANG_WARN_OBJC_LITERAL_CONVERSION = YES;
				CLANG_WARN_OBJC_ROOT_CLASS = YES_ERROR;
				CLANG_WARN_QUOTED_INCLUDE_IN_FRAMEWORK_HEADER = YES;
				CLANG_WARN_RANGE_LOOP_ANALYSIS = YES;
				CLANG_WARN_STRICT_PROTOTYPES = YES;
				CLANG_WARN_SUSPICIOUS_MOVE = YES;
				CLANG_WARN_UNGUARDED_AVAILABILITY = YES_AGGRESSIVE;
				CLANG_WARN_UNREACHABLE_CODE = YES;
				CLANG_WARN__DUPLICATE_METHOD_MATCH = YES;
				COPY_PHASE_STRIP = NO;
				DEBUG_INFORMATION_FORMAT = dwarf;
				ENABLE_STRICT_OBJC_MSGSEND = YES;
				ENABLE_TESTABILITY = YES;
				GCC_C_LANGUAGE_STANDARD = gnu11;
				GCC_DYNAMIC_NO_PIC = NO;
				GCC_NO_COMMON_BLOCKS = YES;
				GCC_OPTIMIZATION_LEVEL = 0;
				GCC_PREPROCESSOR_DEFINITIONS = (
					"DEBUG=1",
					"$(inherited)",
				);
				GCC_WARN_64_TO_32_BIT_CONVERSION = YES;
				GCC_WARN_ABOUT_RETURN_TYPE = YES_ERROR;
				GCC_WARN_UNDECLARED_SELECTOR = YES;
				GCC_WARN_UNINITIALIZED_AUTOS = YES_AGGRESSIVE;
				GCC_WARN_UNUSED_FUNCTION = YES;
				GCC_WARN_UNUSED_VARIABLE = YES;
				IPHONEOS_DEPLOYMENT_TARGET = 14.5;
				MTL_ENABLE_DEBUG_INFO = INCLUDE_SOURCE;
				MTL_FAST_MATH = YES;
				ONLY_ACTIVE_ARCH = YES;
				SDKROOT = iphoneos;
				SWIFT_ACTIVE_COMPILATION_CONDITIONS = DEBUG;
				SWIFT_OPTIMIZATION_LEVEL = "-Onone";
			};
			name = Debug;
		};
		18D775D022AD944400AE281E /* Release */ = {
			isa = XCBuildConfiguration;
			buildSettings = {
				ALWAYS_SEARCH_USER_PATHS = NO;
				ASSETCATALOG_COMPILER_GLOBAL_ACCENT_COLOR_NAME = "accent-color";
				CLANG_ANALYZER_NONNULL = YES;
				CLANG_ANALYZER_NUMBER_OBJECT_CONVERSION = YES_AGGRESSIVE;
				CLANG_CXX_LANGUAGE_STANDARD = "gnu++14";
				CLANG_CXX_LIBRARY = "libc++";
				CLANG_ENABLE_MODULES = YES;
				CLANG_ENABLE_OBJC_ARC = YES;
				CLANG_ENABLE_OBJC_WEAK = YES;
				CLANG_WARN_BLOCK_CAPTURE_AUTORELEASING = YES;
				CLANG_WARN_BOOL_CONVERSION = YES;
				CLANG_WARN_COMMA = YES;
				CLANG_WARN_CONSTANT_CONVERSION = YES;
				CLANG_WARN_DEPRECATED_OBJC_IMPLEMENTATIONS = YES;
				CLANG_WARN_DIRECT_OBJC_ISA_USAGE = YES_ERROR;
				CLANG_WARN_DOCUMENTATION_COMMENTS = YES;
				CLANG_WARN_EMPTY_BODY = YES;
				CLANG_WARN_ENUM_CONVERSION = YES;
				CLANG_WARN_INFINITE_RECURSION = YES;
				CLANG_WARN_INT_CONVERSION = YES;
				CLANG_WARN_NON_LITERAL_NULL_CONVERSION = YES;
				CLANG_WARN_OBJC_IMPLICIT_RETAIN_SELF = YES;
				CLANG_WARN_OBJC_LITERAL_CONVERSION = YES;
				CLANG_WARN_OBJC_ROOT_CLASS = YES_ERROR;
				CLANG_WARN_QUOTED_INCLUDE_IN_FRAMEWORK_HEADER = YES;
				CLANG_WARN_RANGE_LOOP_ANALYSIS = YES;
				CLANG_WARN_STRICT_PROTOTYPES = YES;
				CLANG_WARN_SUSPICIOUS_MOVE = YES;
				CLANG_WARN_UNGUARDED_AVAILABILITY = YES_AGGRESSIVE;
				CLANG_WARN_UNREACHABLE_CODE = YES;
				CLANG_WARN__DUPLICATE_METHOD_MATCH = YES;
				COPY_PHASE_STRIP = NO;
				DEBUG_INFORMATION_FORMAT = "dwarf-with-dsym";
				ENABLE_NS_ASSERTIONS = NO;
				ENABLE_STRICT_OBJC_MSGSEND = YES;
				GCC_C_LANGUAGE_STANDARD = gnu11;
				GCC_NO_COMMON_BLOCKS = YES;
				GCC_WARN_64_TO_32_BIT_CONVERSION = YES;
				GCC_WARN_ABOUT_RETURN_TYPE = YES_ERROR;
				GCC_WARN_UNDECLARED_SELECTOR = YES;
				GCC_WARN_UNINITIALIZED_AUTOS = YES_AGGRESSIVE;
				GCC_WARN_UNUSED_FUNCTION = YES;
				GCC_WARN_UNUSED_VARIABLE = YES;
				IPHONEOS_DEPLOYMENT_TARGET = 14.5;
				MTL_ENABLE_DEBUG_INFO = NO;
				MTL_FAST_MATH = YES;
				SDKROOT = iphoneos;
				SWIFT_COMPILATION_MODE = wholemodule;
				SWIFT_OPTIMIZATION_LEVEL = "-O";
				VALIDATE_PRODUCT = YES;
			};
			name = Release;
		};
		18D775D222AD944400AE281E /* Debug */ = {
			isa = XCBuildConfiguration;
			buildSettings = {
				ASSETCATALOG_COMPILER_APPICON_NAME = AppIcon;
				CODE_SIGN_STYLE = Automatic;
				DEVELOPMENT_ASSET_PATHS = "CloudCards/Preview\\ Content";
				DEVELOPMENT_TEAM = "";
				ENABLE_PREVIEWS = YES;
				INFOPLIST_FILE = CloudCards/Info.plist;
				LD_RUNPATH_SEARCH_PATHS = (
					"$(inherited)",
					"@executable_path/Frameworks",
				);
				PRODUCT_BUNDLE_IDENTIFIER = com.raywenderlich.cloudcards;
				PRODUCT_NAME = "$(TARGET_NAME)";
				SWIFT_VERSION = 5.0;
				TARGETED_DEVICE_FAMILY = "1,2";
			};
			name = Debug;
		};
		18D775D322AD944400AE281E /* Release */ = {
			isa = XCBuildConfiguration;
			buildSettings = {
				ASSETCATALOG_COMPILER_APPICON_NAME = AppIcon;
				CODE_SIGN_STYLE = Automatic;
				DEVELOPMENT_ASSET_PATHS = "CloudCards/Preview\\ Content";
				DEVELOPMENT_TEAM = "";
				ENABLE_PREVIEWS = YES;
				INFOPLIST_FILE = CloudCards/Info.plist;
				LD_RUNPATH_SEARCH_PATHS = (
					"$(inherited)",
					"@executable_path/Frameworks",
				);
				PRODUCT_BUNDLE_IDENTIFIER = com.raywenderlich.cloudcards;
				PRODUCT_NAME = "$(TARGET_NAME)";
				SWIFT_VERSION = 5.0;
				TARGETED_DEVICE_FAMILY = "1,2";
			};
			name = Release;
		};
/* End XCBuildConfiguration section */

/* Begin XCConfigurationList section */
		18D775B822AD944300AE281E /* Build configuration list for PBXProject "CloudCards" */ = {
			isa = XCConfigurationList;
			buildConfigurations = (
				18D775CF22AD944400AE281E /* Debug */,
				18D775D022AD944400AE281E /* Release */,
			);
			defaultConfigurationIsVisible = 0;
			defaultConfigurationName = Release;
		};
		18D775D122AD944400AE281E /* Build configuration list for PBXNativeTarget "CloudCards" */ = {
			isa = XCConfigurationList;
			buildConfigurations = (
				18D775D222AD944400AE281E /* Debug */,
				18D775D322AD944400AE281E /* Release */,
			);
			defaultConfigurationIsVisible = 0;
			defaultConfigurationName = Release;
		};
/* End XCConfigurationList section */

/* Begin XCRemoteSwiftPackageReference section */
		0A0DE126264904A0001585E8 /* XCRemoteSwiftPackageReference "firebase-ios-sdk" */ = {
			isa = XCRemoteSwiftPackageReference;
			repositoryURL = "https://github.com/firebase/firebase-ios-sdk.git";
			requirement = {
				kind = upToNextMajorVersion;
				minimumVersion = 7.11.1;
			};
		};
/* End XCRemoteSwiftPackageReference section */

/* Begin XCSwiftPackageProductDependency section */
		0A0DE127264904A0001585E8 /* FirebaseAuth */ = {
			isa = XCSwiftPackageProductDependency;
			package = 0A0DE126264904A0001585E8 /* XCRemoteSwiftPackageReference "firebase-ios-sdk" */;
			productName = FirebaseAuth;
		};
		0A0DE129264904A0001585E8 /* FirebaseFirestore */ = {
			isa = XCSwiftPackageProductDependency;
			package = 0A0DE126264904A0001585E8 /* XCRemoteSwiftPackageReference "firebase-ios-sdk" */;
			productName = FirebaseFirestore;
		};
		0A0DE12B264904A0001585E8 /* FirebaseFirestoreSwift-Beta */ = {
			isa = XCSwiftPackageProductDependency;
			package = 0A0DE126264904A0001585E8 /* XCRemoteSwiftPackageReference "firebase-ios-sdk" */;
			productName = "FirebaseFirestoreSwift-Beta";
		};
/* End XCSwiftPackageProductDependency section */
	};
	rootObject = 18D775B522AD944300AE281E /* Project object */;
}
